<?xml version="1.0" encoding="utf-8"?>
<Project ToolsVersion="4.0" xmlns="http://schemas.microsoft.com/developer/msbuild/2003">
  <ItemGroup>
    <ClCompile Include="fakework.cpp" />
    <ClCompile Include="test.c" />
    <ClCompile Include="..\..\microprofile.cpp" />
    <ClCompile Include="demo_workbench.cpp" />
  </ItemGroup>
  <ItemGroup>
    <None Include="..\..\src\microprofile.html" />
  </ItemGroup>
  <ItemGroup>
    <ClInclude Include="..\..\microprofile.h" />
    <ClInclude Include="..\..\microprofile_html.h" />
  </ItemGroup>
  <ItemGroup>
    <MASM Include="..\..\patch_win32.asm" />
  </ItemGroup>
</Project>